// !$*UTF8*$!
{
	archiveVersion = 1;
	classes = {
	};
	objectVersion = 46;
	objects = {

/* Begin PBXBuildFile section */
		3741C1B91F0A873F004E9BE0 /* AppDelegate.swift in Sources */ = {isa = PBXBuildFile; fileRef = 3741C1B81F0A873F004E9BE0 /* AppDelegate.swift */; };
		3741C1BB1F0A873F004E9BE0 /* ArticleViewController.swift in Sources */ = {isa = PBXBuildFile; fileRef = 3741C1BA1F0A873F004E9BE0 /* ArticleViewController.swift */; };
		3741C1C01F0A873F004E9BE0 /* Main.storyboard in Resources */ = {isa = PBXBuildFile; fileRef = 3741C1BE1F0A873F004E9BE0 /* Main.storyboard */; };
		3741C1C81F0A89E0004E9BE0 /* ReadDetailWindow.swift in Sources */ = {isa = PBXBuildFile; fileRef = 3741C1C71F0A89E0004E9BE0 /* ReadDetailWindow.swift */; };
		3741C1CA1F0A8AA4004E9BE0 /* MainWindowController.swift in Sources */ = {isa = PBXBuildFile; fileRef = 3741C1C91F0A8AA4004E9BE0 /* MainWindowController.swift */; };
		3741C1CC1F0A8B25004E9BE0 /* ReadViewController.swift in Sources */ = {isa = PBXBuildFile; fileRef = 3741C1CB1F0A8B25004E9BE0 /* ReadViewController.swift */; };
		5697271D1F15EA56007749AA /* AppIcon.icns in Resources */ = {isa = PBXBuildFile; fileRef = 5697271C1F15EA56007749AA /* AppIcon.icns */; };
		569B21BD1F1B3C0700D5552C /* Images.xcassets in Resources */ = {isa = PBXBuildFile; fileRef = 569B21BC1F1B3C0700D5552C /* Images.xcassets */; };
		569B21BF1F1B3EF500D5552C /* SRSplitViewController.swift in Sources */ = {isa = PBXBuildFile; fileRef = 569B21BE1F1B3EF500D5552C /* SRSplitViewController.swift */; };
		569B21C11F1B489C00D5552C /* SRPreferencesViewController.swift in Sources */ = {isa = PBXBuildFile; fileRef = 569B21C01F1B489C00D5552C /* SRPreferencesViewController.swift */; };
		569B21C51F1B5B6400D5552C /* SRHistoryViewController.swift in Sources */ = {isa = PBXBuildFile; fileRef = 569B21C41F1B5B6400D5552C /* SRHistoryViewController.swift */; };
		569B21C71F1B65F300D5552C /* SRNewArticleViewController.swift in Sources */ = {isa = PBXBuildFile; fileRef = 569B21C61F1B65F300D5552C /* SRNewArticleViewController.swift */; };
		569B21C91F1B67F300D5552C /* SRSpeedCellView.swift in Sources */ = {isa = PBXBuildFile; fileRef = 569B21C81F1B67F300D5552C /* SRSpeedCellView.swift */; };
		569B21CB1F1B680200D5552C /* SRFontCellView.swift in Sources */ = {isa = PBXBuildFile; fileRef = 569B21CA1F1B680200D5552C /* SRFontCellView.swift */; };
		569B21CD1F1B681100D5552C /* SRAppearanceCellView.swift in Sources */ = {isa = PBXBuildFile; fileRef = 569B21CC1F1B681100D5552C /* SRAppearanceCellView.swift */; };
		569B21CF1F1B682200D5552C /* SRLanguageCellView.swift in Sources */ = {isa = PBXBuildFile; fileRef = 569B21CE1F1B682200D5552C /* SRLanguageCellView.swift */; };
		569B21D11F1B682F00D5552C /* SRWordsCellView.swift in Sources */ = {isa = PBXBuildFile; fileRef = 569B21D01F1B682F00D5552C /* SRWordsCellView.swift */; };
		569B21D31F1B684300D5552C /* SRReadCellView.swift in Sources */ = {isa = PBXBuildFile; fileRef = 569B21D21F1B684300D5552C /* SRReadCellView.swift */; };
		569B21D51F1B6A3C00D5552C /* SRGeneralPrefCellView.swift in Sources */ = {isa = PBXBuildFile; fileRef = 569B21D41F1B6A3C00D5552C /* SRGeneralPrefCellView.swift */; };
		569B21DA1F1BC5D600D5552C /* SpeedReader.xcdatamodeld in Sources */ = {isa = PBXBuildFile; fileRef = 569B21D71F1BC4A600D5552C /* SpeedReader.xcdatamodeld */; };
/* End PBXBuildFile section */

/* Begin PBXFileReference section */
		3741C1B51F0A873F004E9BE0 /* SpeedReader.app */ = {isa = PBXFileReference; explicitFileType = wrapper.application; includeInIndex = 0; path = SpeedReader.app; sourceTree = BUILT_PRODUCTS_DIR; };
		3741C1B81F0A873F004E9BE0 /* AppDelegate.swift */ = {isa = PBXFileReference; lastKnownFileType = sourcecode.swift; path = AppDelegate.swift; sourceTree = "<group>"; };
		3741C1BA1F0A873F004E9BE0 /* ArticleViewController.swift */ = {isa = PBXFileReference; lastKnownFileType = sourcecode.swift; path = ArticleViewController.swift; sourceTree = "<group>"; };
		3741C1BF1F0A873F004E9BE0 /* Base */ = {isa = PBXFileReference; lastKnownFileType = file.storyboard; name = Base; path = Base.lproj/Main.storyboard; sourceTree = "<group>"; };
		3741C1C11F0A873F004E9BE0 /* Info.plist */ = {isa = PBXFileReference; lastKnownFileType = text.plist.xml; path = Info.plist; sourceTree = "<group>"; };
		3741C1C71F0A89E0004E9BE0 /* ReadDetailWindow.swift */ = {isa = PBXFileReference; fileEncoding = 4; lastKnownFileType = sourcecode.swift; path = ReadDetailWindow.swift; sourceTree = "<group>"; };
		3741C1C91F0A8AA4004E9BE0 /* MainWindowController.swift */ = {isa = PBXFileReference; fileEncoding = 4; lastKnownFileType = sourcecode.swift; path = MainWindowController.swift; sourceTree = "<group>"; };
		3741C1CB1F0A8B25004E9BE0 /* ReadViewController.swift */ = {isa = PBXFileReference; fileEncoding = 4; lastKnownFileType = sourcecode.swift; path = ReadViewController.swift; sourceTree = "<group>"; };
		5697271B1F15E655007749AA /* SpeedReader.entitlements */ = {isa = PBXFileReference; lastKnownFileType = text.plist.entitlements; path = SpeedReader.entitlements; sourceTree = "<group>"; };
		5697271C1F15EA56007749AA /* AppIcon.icns */ = {isa = PBXFileReference; lastKnownFileType = image.icns; path = AppIcon.icns; sourceTree = "<group>"; };
		569B21BC1F1B3C0700D5552C /* Images.xcassets */ = {isa = PBXFileReference; lastKnownFileType = folder.assetcatalog; path = Images.xcassets; sourceTree = "<group>"; };
		569B21BE1F1B3EF500D5552C /* SRSplitViewController.swift */ = {isa = PBXFileReference; fileEncoding = 4; lastKnownFileType = sourcecode.swift; path = SRSplitViewController.swift; sourceTree = "<group>"; };
		569B21C01F1B489C00D5552C /* SRPreferencesViewController.swift */ = {isa = PBXFileReference; fileEncoding = 4; lastKnownFileType = sourcecode.swift; path = SRPreferencesViewController.swift; sourceTree = "<group>"; };
		569B21C41F1B5B6400D5552C /* SRHistoryViewController.swift */ = {isa = PBXFileReference; fileEncoding = 4; lastKnownFileType = sourcecode.swift; path = SRHistoryViewController.swift; sourceTree = "<group>"; };
		569B21C61F1B65F300D5552C /* SRNewArticleViewController.swift */ = {isa = PBXFileReference; fileEncoding = 4; lastKnownFileType = sourcecode.swift; path = SRNewArticleViewController.swift; sourceTree = "<group>"; };
		569B21C81F1B67F300D5552C /* SRSpeedCellView.swift */ = {isa = PBXFileReference; fileEncoding = 4; lastKnownFileType = sourcecode.swift; path = SRSpeedCellView.swift; sourceTree = "<group>"; };
		569B21CA1F1B680200D5552C /* SRFontCellView.swift */ = {isa = PBXFileReference; fileEncoding = 4; lastKnownFileType = sourcecode.swift; path = SRFontCellView.swift; sourceTree = "<group>"; };
		569B21CC1F1B681100D5552C /* SRAppearanceCellView.swift */ = {isa = PBXFileReference; fileEncoding = 4; lastKnownFileType = sourcecode.swift; path = SRAppearanceCellView.swift; sourceTree = "<group>"; };
		569B21CE1F1B682200D5552C /* SRLanguageCellView.swift */ = {isa = PBXFileReference; fileEncoding = 4; lastKnownFileType = sourcecode.swift; path = SRLanguageCellView.swift; sourceTree = "<group>"; };
		569B21D01F1B682F00D5552C /* SRWordsCellView.swift */ = {isa = PBXFileReference; fileEncoding = 4; lastKnownFileType = sourcecode.swift; path = SRWordsCellView.swift; sourceTree = "<group>"; };
		569B21D21F1B684300D5552C /* SRReadCellView.swift */ = {isa = PBXFileReference; fileEncoding = 4; lastKnownFileType = sourcecode.swift; path = SRReadCellView.swift; sourceTree = "<group>"; };
		569B21D41F1B6A3C00D5552C /* SRGeneralPrefCellView.swift */ = {isa = PBXFileReference; fileEncoding = 4; lastKnownFileType = sourcecode.swift; path = SRGeneralPrefCellView.swift; sourceTree = "<group>"; };
		569B21D81F1BC4A600D5552C /* SpeedReader.xcdatamodel */ = {isa = PBXFileReference; lastKnownFileType = wrapper.xcdatamodel; path = SpeedReader.xcdatamodel; sourceTree = "<group>"; };
/* End PBXFileReference section */

/* Begin PBXFrameworksBuildPhase section */
		3741C1B21F0A873F004E9BE0 /* Frameworks */ = {
			isa = PBXFrameworksBuildPhase;
			buildActionMask = 2147483647;
			files = (
			);
			runOnlyForDeploymentPostprocessing = 0;
		};
/* End PBXFrameworksBuildPhase section */

/* Begin PBXGroup section */
		3741C1AC1F0A873F004E9BE0 = {
			isa = PBXGroup;
			children = (
				3741C1B71F0A873F004E9BE0 /* SpeedReader */,
				3741C1B61F0A873F004E9BE0 /* Products */,
			);
			sourceTree = "<group>";
		};
		3741C1B61F0A873F004E9BE0 /* Products */ = {
			isa = PBXGroup;
			children = (
				3741C1B51F0A873F004E9BE0 /* SpeedReader.app */,
			);
			name = Products;
			sourceTree = "<group>";
		};
		3741C1B71F0A873F004E9BE0 /* SpeedReader */ = {
			isa = PBXGroup;
			children = (
				3741C1BE1F0A873F004E9BE0 /* Main.storyboard */,
				3741C1C91F0A8AA4004E9BE0 /* MainWindowController.swift */,
				569B21BE1F1B3EF500D5552C /* SRSplitViewController.swift */,
				569B21C41F1B5B6400D5552C /* SRHistoryViewController.swift */,
				3741C1CB1F0A8B25004E9BE0 /* ReadViewController.swift */,
				569B21C01F1B489C00D5552C /* SRPreferencesViewController.swift */,
				569B21D61F1B6A4300D5552C /* TableCellViews */,
				569B21C61F1B65F300D5552C /* SRNewArticleViewController.swift */,
				3741C1BA1F0A873F004E9BE0 /* ArticleViewController.swift */,
				3741C1C71F0A89E0004E9BE0 /* ReadDetailWindow.swift */,
				3741C1C11F0A873F004E9BE0 /* Info.plist */,
				569B21BC1F1B3C0700D5552C /* Images.xcassets */,
				5697271C1F15EA56007749AA /* AppIcon.icns */,
				5697271B1F15E655007749AA /* SpeedReader.entitlements */,
				3741C1B81F0A873F004E9BE0 /* AppDelegate.swift */,
				569B21D71F1BC4A600D5552C /* SpeedReader.xcdatamodeld */,
			);
			path = SpeedReader;
			sourceTree = "<group>";
		};
		569B21D61F1B6A4300D5552C /* TableCellViews */ = {
			isa = PBXGroup;
			children = (
				569B21D41F1B6A3C00D5552C /* SRGeneralPrefCellView.swift */,
				569B21C81F1B67F300D5552C /* SRSpeedCellView.swift */,
				569B21CA1F1B680200D5552C /* SRFontCellView.swift */,
				569B21CC1F1B681100D5552C /* SRAppearanceCellView.swift */,
				569B21CE1F1B682200D5552C /* SRLanguageCellView.swift */,
				569B21D01F1B682F00D5552C /* SRWordsCellView.swift */,
				569B21D21F1B684300D5552C /* SRReadCellView.swift */,
			);
			name = TableCellViews;
			sourceTree = "<group>";
		};
/* End PBXGroup section */

/* Begin PBXNativeTarget section */
		3741C1B41F0A873F004E9BE0 /* SpeedReader */ = {
			isa = PBXNativeTarget;
			buildConfigurationList = 3741C1C41F0A873F004E9BE0 /* Build configuration list for PBXNativeTarget "SpeedReader" */;
			buildPhases = (
				3741C1B11F0A873F004E9BE0 /* Sources */,
				3741C1B21F0A873F004E9BE0 /* Frameworks */,
				3741C1B31F0A873F004E9BE0 /* Resources */,
			);
			buildRules = (
			);
			dependencies = (
			);
			name = SpeedReader;
			productName = SpeedReader;
			productReference = 3741C1B51F0A873F004E9BE0 /* SpeedReader.app */;
			productType = "com.apple.product-type.application";
		};
/* End PBXNativeTarget section */

/* Begin PBXProject section */
		3741C1AD1F0A873F004E9BE0 /* Project object */ = {
			isa = PBXProject;
			attributes = {
				LastSwiftUpdateCheck = 0830;
				LastUpgradeCheck = 0830;
				ORGANIZATIONNAME = "Kay Yin";
				TargetAttributes = {
					3741C1B41F0A873F004E9BE0 = {
						CreatedOnToolsVersion = 8.3.3;
						ProvisioningStyle = Automatic;
						SystemCapabilities = {
							com.apple.Sandbox = {
								enabled = 1;
							};
						};
					};
				};
			};
			buildConfigurationList = 3741C1B01F0A873F004E9BE0 /* Build configuration list for PBXProject "SpeedReader" */;
			compatibilityVersion = "Xcode 3.2";
			developmentRegion = English;
			hasScannedForEncodings = 0;
			knownRegions = (
				en,
				Base,
			);
			mainGroup = 3741C1AC1F0A873F004E9BE0;
			productRefGroup = 3741C1B61F0A873F004E9BE0 /* Products */;
			projectDirPath = "";
			projectRoot = "";
			targets = (
				3741C1B41F0A873F004E9BE0 /* SpeedReader */,
			);
		};
/* End PBXProject section */

/* Begin PBXResourcesBuildPhase section */
		3741C1B31F0A873F004E9BE0 /* Resources */ = {
			isa = PBXResourcesBuildPhase;
			buildActionMask = 2147483647;
			files = (
				569B21BD1F1B3C0700D5552C /* Images.xcassets in Resources */,
				3741C1C01F0A873F004E9BE0 /* Main.storyboard in Resources */,
				5697271D1F15EA56007749AA /* AppIcon.icns in Resources */,
			);
			runOnlyForDeploymentPostprocessing = 0;
		};
/* End PBXResourcesBuildPhase section */

/* Begin PBXSourcesBuildPhase section */
		3741C1B11F0A873F004E9BE0 /* Sources */ = {
			isa = PBXSourcesBuildPhase;
			buildActionMask = 2147483647;
			files = (
				3741C1BB1F0A873F004E9BE0 /* ArticleViewController.swift in Sources */,
				569B21DA1F1BC5D600D5552C /* SpeedReader.xcdatamodeld in Sources */,
				569B21D51F1B6A3C00D5552C /* SRGeneralPrefCellView.swift in Sources */,
				569B21C71F1B65F300D5552C /* SRNewArticleViewController.swift in Sources */,
				3741C1B91F0A873F004E9BE0 /* AppDelegate.swift in Sources */,
				569B21CF1F1B682200D5552C /* SRLanguageCellView.swift in Sources */,
				569B21CB1F1B680200D5552C /* SRFontCellView.swift in Sources */,
				569B21BF1F1B3EF500D5552C /* SRSplitViewController.swift in Sources */,
				3741C1CA1F0A8AA4004E9BE0 /* MainWindowController.swift in Sources */,
				569B21D11F1B682F00D5552C /* SRWordsCellView.swift in Sources */,
				569B21D31F1B684300D5552C /* SRReadCellView.swift in Sources */,
				569B21C91F1B67F300D5552C /* SRSpeedCellView.swift in Sources */,
				569B21C11F1B489C00D5552C /* SRPreferencesViewController.swift in Sources */,
				3741C1C81F0A89E0004E9BE0 /* ReadDetailWindow.swift in Sources */,
				569B21CD1F1B681100D5552C /* SRAppearanceCellView.swift in Sources */,
				569B21C51F1B5B6400D5552C /* SRHistoryViewController.swift in Sources */,
				3741C1CC1F0A8B25004E9BE0 /* ReadViewController.swift in Sources */,
			);
			runOnlyForDeploymentPostprocessing = 0;
		};
/* End PBXSourcesBuildPhase section */

/* Begin PBXVariantGroup section */
		3741C1BE1F0A873F004E9BE0 /* Main.storyboard */ = {
			isa = PBXVariantGroup;
			children = (
				3741C1BF1F0A873F004E9BE0 /* Base */,
			);
			name = Main.storyboard;
			sourceTree = "<group>";
		};
/* End PBXVariantGroup section */

/* Begin XCBuildConfiguration section */
		3741C1C21F0A873F004E9BE0 /* Debug */ = {
			isa = XCBuildConfiguration;
			buildSettings = {
				ALWAYS_SEARCH_USER_PATHS = NO;
				CLANG_ANALYZER_NONNULL = YES;
				CLANG_ANALYZER_NUMBER_OBJECT_CONVERSION = YES_AGGRESSIVE;
				CLANG_CXX_LANGUAGE_STANDARD = "gnu++0x";
				CLANG_CXX_LIBRARY = "libc++";
				CLANG_ENABLE_MODULES = YES;
				CLANG_ENABLE_OBJC_ARC = YES;
				CLANG_WARN_BOOL_CONVERSION = YES;
				CLANG_WARN_CONSTANT_CONVERSION = YES;
				CLANG_WARN_DIRECT_OBJC_ISA_USAGE = YES_ERROR;
				CLANG_WARN_DOCUMENTATION_COMMENTS = YES;
				CLANG_WARN_EMPTY_BODY = YES;
				CLANG_WARN_ENUM_CONVERSION = YES;
				CLANG_WARN_INFINITE_RECURSION = YES;
				CLANG_WARN_INT_CONVERSION = YES;
				CLANG_WARN_OBJC_ROOT_CLASS = YES_ERROR;
				CLANG_WARN_SUSPICIOUS_MOVE = YES;
				CLANG_WARN_UNREACHABLE_CODE = YES;
				CLANG_WARN__DUPLICATE_METHOD_MATCH = YES;
				CODE_SIGN_IDENTITY = "-";
				COPY_PHASE_STRIP = NO;
				DEBUG_INFORMATION_FORMAT = dwarf;
				ENABLE_STRICT_OBJC_MSGSEND = YES;
				ENABLE_TESTABILITY = YES;
				GCC_C_LANGUAGE_STANDARD = gnu99;
				GCC_DYNAMIC_NO_PIC = NO;
				GCC_NO_COMMON_BLOCKS = YES;
				GCC_OPTIMIZATION_LEVEL = 0;
				GCC_PREPROCESSOR_DEFINITIONS = (
					"DEBUG=1",
					"$(inherited)",
				);
				GCC_WARN_64_TO_32_BIT_CONVERSION = YES;
				GCC_WARN_ABOUT_RETURN_TYPE = YES_ERROR;
				GCC_WARN_UNDECLARED_SELECTOR = YES;
				GCC_WARN_UNINITIALIZED_AUTOS = YES_AGGRESSIVE;
				GCC_WARN_UNUSED_FUNCTION = YES;
				GCC_WARN_UNUSED_VARIABLE = YES;
				MACOSX_DEPLOYMENT_TARGET = 10.12;
				MTL_ENABLE_DEBUG_INFO = YES;
				ONLY_ACTIVE_ARCH = YES;
				SDKROOT = macosx;
				SWIFT_ACTIVE_COMPILATION_CONDITIONS = DEBUG;
				SWIFT_OPTIMIZATION_LEVEL = "-Onone";
			};
			name = Debug;
		};
		3741C1C31F0A873F004E9BE0 /* Release */ = {
			isa = XCBuildConfiguration;
			buildSettings = {
				ALWAYS_SEARCH_USER_PATHS = NO;
				CLANG_ANALYZER_NONNULL = YES;
				CLANG_ANALYZER_NUMBER_OBJECT_CONVERSION = YES_AGGRESSIVE;
				CLANG_CXX_LANGUAGE_STANDARD = "gnu++0x";
				CLANG_CXX_LIBRARY = "libc++";
				CLANG_ENABLE_MODULES = YES;
				CLANG_ENABLE_OBJC_ARC = YES;
				CLANG_WARN_BOOL_CONVERSION = YES;
				CLANG_WARN_CONSTANT_CONVERSION = YES;
				CLANG_WARN_DIRECT_OBJC_ISA_USAGE = YES_ERROR;
				CLANG_WARN_DOCUMENTATION_COMMENTS = YES;
				CLANG_WARN_EMPTY_BODY = YES;
				CLANG_WARN_ENUM_CONVERSION = YES;
				CLANG_WARN_INFINITE_RECURSION = YES;
				CLANG_WARN_INT_CONVERSION = YES;
				CLANG_WARN_OBJC_ROOT_CLASS = YES_ERROR;
				CLANG_WARN_SUSPICIOUS_MOVE = YES;
				CLANG_WARN_UNREACHABLE_CODE = YES;
				CLANG_WARN__DUPLICATE_METHOD_MATCH = YES;
				CODE_SIGN_IDENTITY = "-";
				COPY_PHASE_STRIP = NO;
				DEBUG_INFORMATION_FORMAT = "dwarf-with-dsym";
				ENABLE_NS_ASSERTIONS = NO;
				ENABLE_STRICT_OBJC_MSGSEND = YES;
				GCC_C_LANGUAGE_STANDARD = gnu99;
				GCC_NO_COMMON_BLOCKS = YES;
				GCC_WARN_64_TO_32_BIT_CONVERSION = YES;
				GCC_WARN_ABOUT_RETURN_TYPE = YES_ERROR;
				GCC_WARN_UNDECLARED_SELECTOR = YES;
				GCC_WARN_UNINITIALIZED_AUTOS = YES_AGGRESSIVE;
				GCC_WARN_UNUSED_FUNCTION = YES;
				GCC_WARN_UNUSED_VARIABLE = YES;
				MACOSX_DEPLOYMENT_TARGET = 10.12;
				MTL_ENABLE_DEBUG_INFO = NO;
				SDKROOT = macosx;
				SWIFT_OPTIMIZATION_LEVEL = "-Owholemodule";
			};
			name = Release;
		};
		3741C1C51F0A873F004E9BE0 /* Debug */ = {
			isa = XCBuildConfiguration;
			buildSettings = {
				CODE_SIGN_ENTITLEMENTS = SpeedReader/SpeedReader.entitlements;
				COMBINE_HIDPI_IMAGES = YES;
				INFOPLIST_FILE = SpeedReader/Info.plist;
				LD_RUNPATH_SEARCH_PATHS = "$(inherited) @executable_path/../Frameworks";
				MACOSX_DEPLOYMENT_TARGET = 10.12;
				PRODUCT_BUNDLE_IDENTIFIER = com.luming.SpeedReader;
				PRODUCT_NAME = "$(TARGET_NAME)";
				SWIFT_VERSION = 3.0;
			};
			name = Debug;
		};
		3741C1C61F0A873F004E9BE0 /* Release */ = {
			isa = XCBuildConfiguration;
			buildSettings = {
				CODE_SIGN_ENTITLEMENTS = SpeedReader/SpeedReader.entitlements;
				COMBINE_HIDPI_IMAGES = YES;
				INFOPLIST_FILE = SpeedReader/Info.plist;
				LD_RUNPATH_SEARCH_PATHS = "$(inherited) @executable_path/../Frameworks";
				MACOSX_DEPLOYMENT_TARGET = 10.12;
				PRODUCT_BUNDLE_IDENTIFIER = com.luming.SpeedReader;
				PRODUCT_NAME = "$(TARGET_NAME)";
				SWIFT_VERSION = 3.0;
			};
			name = Release;
		};
/* End XCBuildConfiguration section */

/* Begin XCConfigurationList section */
		3741C1B01F0A873F004E9BE0 /* Build configuration list for PBXProject "SpeedReader" */ = {
			isa = XCConfigurationList;
			buildConfigurations = (
				3741C1C21F0A873F004E9BE0 /* Debug */,
				3741C1C31F0A873F004E9BE0 /* Release */,
			);
			defaultConfigurationIsVisible = 0;
			defaultConfigurationName = Release;
		};
		3741C1C41F0A873F004E9BE0 /* Build configuration list for PBXNativeTarget "SpeedReader" */ = {
			isa = XCConfigurationList;
			buildConfigurations = (
				3741C1C51F0A873F004E9BE0 /* Debug */,
				3741C1C61F0A873F004E9BE0 /* Release */,
			);
			defaultConfigurationIsVisible = 0;
			defaultConfigurationName = Release;
		};
/* End XCConfigurationList section */

/* Begin XCVersionGroup section */
		569B21D71F1BC4A600D5552C /* SpeedReader.xcdatamodeld */ = {
			isa = XCVersionGroup;
			children = (
				569B21D81F1BC4A600D5552C /* SpeedReader.xcdatamodel */,
			);
			currentVersion = 569B21D81F1BC4A600D5552C /* SpeedReader.xcdatamodel */;
			path = SpeedReader.xcdatamodeld;
			sourceTree = "<group>";
			versionGroupType = wrapper.xcdatamodel;
		};
/* End XCVersionGroup section */
	};
	rootObject = 3741C1AD1F0A873F004E9BE0 /* Project object */;
}
